// !$*UTF8*$!
{
	archiveVersion = 1;
	classes = {
	};
	objectVersion = 50;
	objects = {

/* Begin PBXBuildFile section */
		2E49E9232074313E00DA5335 /* AppDelegate.swift in Sources */ = {isa = PBXBuildFile; fileRef = 2E49E9222074313E00DA5335 /* AppDelegate.swift */; };
		2E49E9252074313E00DA5335 /* ViewController.swift in Sources */ = {isa = PBXBuildFile; fileRef = 2E49E9242074313E00DA5335 /* ViewController.swift */; };
		2E49E9282074313E00DA5335 /* Main.storyboard in Resources */ = {isa = PBXBuildFile; fileRef = 2E49E9262074313E00DA5335 /* Main.storyboard */; };
		2E49E92A2074313F00DA5335 /* Assets.xcassets in Resources */ = {isa = PBXBuildFile; fileRef = 2E49E9292074313F00DA5335 /* Assets.xcassets */; };
		2E49E92D2074313F00DA5335 /* LaunchScreen.storyboard in Resources */ = {isa = PBXBuildFile; fileRef = 2E49E92B2074313F00DA5335 /* LaunchScreen.storyboard */; };
		2E49E9382074313F00DA5335 /* CameraRecognitionTests.swift in Sources */ = {isa = PBXBuildFile; fileRef = 2E49E9372074313F00DA5335 /* CameraRecognitionTests.swift */; };
/* End PBXBuildFile section */

/* Begin PBXContainerItemProxy section */
		2E49E9342074313F00DA5335 /* PBXContainerItemProxy */ = {
			isa = PBXContainerItemProxy;
			containerPortal = 2E49E9172074313E00DA5335 /* Project object */;
			proxyType = 1;
			remoteGlobalIDString = 2E49E91E2074313E00DA5335;
			remoteInfo = CameraRecognition;
		};
/* End PBXContainerItemProxy section */

/* Begin PBXFileReference section */
		2E49E91F2074313E00DA5335 /* CameraRecognition.app */ = {isa = PBXFileReference; explicitFileType = wrapper.application; includeInIndex = 0; path = CameraRecognition.app; sourceTree = BUILT_PRODUCTS_DIR; };
		2E49E9222074313E00DA5335 /* AppDelegate.swift */ = {isa = PBXFileReference; lastKnownFileType = sourcecode.swift; path = AppDelegate.swift; sourceTree = "<group>"; };
		2E49E9242074313E00DA5335 /* ViewController.swift */ = {isa = PBXFileReference; lastKnownFileType = sourcecode.swift; path = ViewController.swift; sourceTree = "<group>"; };
		2E49E9272074313E00DA5335 /* Base */ = {isa = PBXFileReference; lastKnownFileType = file.storyboard; name = Base; path = Base.lproj/Main.storyboard; sourceTree = "<group>"; };
		2E49E9292074313F00DA5335 /* Assets.xcassets */ = {isa = PBXFileReference; lastKnownFileType = folder.assetcatalog; path = Assets.xcassets; sourceTree = "<group>"; };
		2E49E92C2074313F00DA5335 /* Base */ = {isa = PBXFileReference; lastKnownFileType = file.storyboard; name = Base; path = Base.lproj/LaunchScreen.storyboard; sourceTree = "<group>"; };
		2E49E92E2074313F00DA5335 /* Info.plist */ = {isa = PBXFileReference; lastKnownFileType = text.plist.xml; path = Info.plist; sourceTree = "<group>"; };
		2E49E9332074313F00DA5335 /* CameraRecognitionTests.xctest */ = {isa = PBXFileReference; explicitFileType = wrapper.cfbundle; includeInIndex = 0; path = CameraRecognitionTests.xctest; sourceTree = BUILT_PRODUCTS_DIR; };
		2E49E9372074313F00DA5335 /* CameraRecognitionTests.swift */ = {isa = PBXFileReference; lastKnownFileType = sourcecode.swift; path = CameraRecognitionTests.swift; sourceTree = "<group>"; };
		2E49E9392074313F00DA5335 /* Info.plist */ = {isa = PBXFileReference; lastKnownFileType = text.plist.xml; path = Info.plist; sourceTree = "<group>"; };
/* End PBXFileReference section */

/* Begin PBXFrameworksBuildPhase section */
		2E49E91C2074313E00DA5335 /* Frameworks */ = {
			isa = PBXFrameworksBuildPhase;
			buildActionMask = 2147483647;
			files = (
			);
			runOnlyForDeploymentPostprocessing = 0;
		};
		2E49E9302074313F00DA5335 /* Frameworks */ = {
			isa = PBXFrameworksBuildPhase;
			buildActionMask = 2147483647;
			files = (
			);
			runOnlyForDeploymentPostprocessing = 0;
		};
/* End PBXFrameworksBuildPhase section */

/* Begin PBXGroup section */
		2E49E9162074313E00DA5335 = {
			isa = PBXGroup;
			children = (
				2E49E9212074313E00DA5335 /* CameraRecognition */,
				2E49E9362074313F00DA5335 /* CameraRecognitionTests */,
				2E49E9202074313E00DA5335 /* Products */,
			);
			sourceTree = "<group>";
		};
		2E49E9202074313E00DA5335 /* Products */ = {
			isa = PBXGroup;
			children = (
				2E49E91F2074313E00DA5335 /* CameraRecognition.app */,
				2E49E9332074313F00DA5335 /* CameraRecognitionTests.xctest */,
			);
			name = Products;
			sourceTree = "<group>";
		};
		2E49E9212074313E00DA5335 /* CameraRecognition */ = {
			isa = PBXGroup;
			children = (
				2E49E9222074313E00DA5335 /* AppDelegate.swift */,
				2E49E9242074313E00DA5335 /* ViewController.swift */,
				2E49E9262074313E00DA5335 /* Main.storyboard */,
				2E49E9292074313F00DA5335 /* Assets.xcassets */,
				2E49E92B2074313F00DA5335 /* LaunchScreen.storyboard */,
				2E49E92E2074313F00DA5335 /* Info.plist */,
			);
			path = CameraRecognition;
			sourceTree = "<group>";
		};
		2E49E9362074313F00DA5335 /* CameraRecognitionTests */ = {
			isa = PBXGroup;
			children = (
				2E49E9372074313F00DA5335 /* CameraRecognitionTests.swift */,
				2E49E9392074313F00DA5335 /* Info.plist */,
			);
			path = CameraRecognitionTests;
			sourceTree = "<group>";
		};
/* End PBXGroup section */

/* Begin PBXNativeTarget section */
		2E49E91E2074313E00DA5335 /* CameraRecognition */ = {
			isa = PBXNativeTarget;
			buildConfigurationList = 2E49E93C2074313F00DA5335 /* Build configuration list for PBXNativeTarget "CameraRecognition" */;
			buildPhases = (
				2E49E91B2074313E00DA5335 /* Sources */,
				2E49E91C2074313E00DA5335 /* Frameworks */,
				2E49E91D2074313E00DA5335 /* Resources */,
			);
			buildRules = (
			);
			dependencies = (
			);
			name = CameraRecognition;
			productName = CameraRecognition;
			productReference = 2E49E91F2074313E00DA5335 /* CameraRecognition.app */;
			productType = "com.apple.product-type.application";
		};
		2E49E9322074313F00DA5335 /* CameraRecognitionTests */ = {
			isa = PBXNativeTarget;
			buildConfigurationList = 2E49E93F2074313F00DA5335 /* Build configuration list for PBXNativeTarget "CameraRecognitionTests" */;
			buildPhases = (
				2E49E92F2074313F00DA5335 /* Sources */,
				2E49E9302074313F00DA5335 /* Frameworks */,
				2E49E9312074313F00DA5335 /* Resources */,
			);
			buildRules = (
			);
			dependencies = (
				2E49E9352074313F00DA5335 /* PBXTargetDependency */,
			);
			name = CameraRecognitionTests;
			productName = CameraRecognitionTests;
			productReference = 2E49E9332074313F00DA5335 /* CameraRecognitionTests.xctest */;
			productType = "com.apple.product-type.bundle.unit-test";
		};
/* End PBXNativeTarget section */

/* Begin PBXProject section */
		2E49E9172074313E00DA5335 /* Project object */ = {
			isa = PBXProject;
			attributes = {
				LastSwiftUpdateCheck = 0930;
				LastUpgradeCheck = 0930;
				ORGANIZATIONNAME = "Pedro Alonso";
				TargetAttributes = {
					2E49E91E2074313E00DA5335 = {
						CreatedOnToolsVersion = 9.3;
					};
					2E49E9322074313F00DA5335 = {
						CreatedOnToolsVersion = 9.3;
						TestTargetID = 2E49E91E2074313E00DA5335;
					};
				};
			};
			buildConfigurationList = 2E49E91A2074313E00DA5335 /* Build configuration list for PBXProject "CameraRecognition" */;
			compatibilityVersion = "Xcode 9.3";
			developmentRegion = en;
			hasScannedForEncodings = 0;
			knownRegions = (
				en,
				Base,
			);
			mainGroup = 2E49E9162074313E00DA5335;
			productRefGroup = 2E49E9202074313E00DA5335 /* Products */;
			projectDirPath = "";
			projectRoot = "";
			targets = (
				2E49E91E2074313E00DA5335 /* CameraRecognition */,
				2E49E9322074313F00DA5335 /* CameraRecognitionTests */,
			);
		};
/* End PBXProject section */

/* Begin PBXResourcesBuildPhase section */
		2E49E91D2074313E00DA5335 /* Resources */ = {
			isa = PBXResourcesBuildPhase;
			buildActionMask = 2147483647;
			files = (
				2E49E92D2074313F00DA5335 /* LaunchScreen.storyboard in Resources */,
				2E49E92A2074313F00DA5335 /* Assets.xcassets in Resources */,
				2E49E9282074313E00DA5335 /* Main.storyboard in Resources */,
			);
			runOnlyForDeploymentPostprocessing = 0;
		};
		2E49E9312074313F00DA5335 /* Resources */ = {
			isa = PBXResourcesBuildPhase;
			buildActionMask = 2147483647;
			files = (
			);
			runOnlyForDeploymentPostprocessing = 0;
		};
/* End PBXResourcesBuildPhase section */

/* Begin PBXSourcesBuildPhase section */
		2E49E91B2074313E00DA5335 /* Sources */ = {
			isa = PBXSourcesBuildPhase;
			buildActionMask = 2147483647;
			files = (
				2E49E9252074313E00DA5335 /* ViewController.swift in Sources */,
				2E49E9232074313E00DA5335 /* AppDelegate.swift in Sources */,
			);
			runOnlyForDeploymentPostprocessing = 0;
		};
		2E49E92F2074313F00DA5335 /* Sources */ = {
			isa = PBXSourcesBuildPhase;
			buildActionMask = 2147483647;
			files = (
				2E49E9382074313F00DA5335 /* CameraRecognitionTests.swift in Sources */,
			);
			runOnlyForDeploymentPostprocessing = 0;
		};
/* End PBXSourcesBuildPhase section */

/* Begin PBXTargetDependency section */
		2E49E9352074313F00DA5335 /* PBXTargetDependency */ = {
			isa = PBXTargetDependency;
			target = 2E49E91E2074313E00DA5335 /* CameraRecognition */;
			targetProxy = 2E49E9342074313F00DA5335 /* PBXContainerItemProxy */;
		};
/* End PBXTargetDependency section */

/* Begin PBXVariantGroup section */
		2E49E9262074313E00DA5335 /* Main.storyboard */ = {
			isa = PBXVariantGroup;
			children = (
				2E49E9272074313E00DA5335 /* Base */,
			);
			name = Main.storyboard;
			sourceTree = "<group>";
		};
		2E49E92B2074313F00DA5335 /* LaunchScreen.storyboard */ = {
			isa = PBXVariantGroup;
			children = (
				2E49E92C2074313F00DA5335 /* Base */,
			);
			name = LaunchScreen.storyboard;
			sourceTree = "<group>";
		};
/* End PBXVariantGroup section */

/* Begin XCBuildConfiguration section */
		2E49E93A2074313F00DA5335 /* Debug */ = {
			isa = XCBuildConfiguration;
			buildSettings = {
				ALWAYS_SEARCH_USER_PATHS = NO;
				CLANG_ANALYZER_NONNULL = YES;
				CLANG_ANALYZER_NUMBER_OBJECT_CONVERSION = YES_AGGRESSIVE;
				CLANG_CXX_LANGUAGE_STANDARD = "gnu++14";
				CLANG_CXX_LIBRARY = "libc++";
				CLANG_ENABLE_MODULES = YES;
				CLANG_ENABLE_OBJC_ARC = YES;
				CLANG_ENABLE_OBJC_WEAK = YES;
				CLANG_WARN_BLOCK_CAPTURE_AUTORELEASING = YES;
				CLANG_WARN_BOOL_CONVERSION = YES;
				CLANG_WARN_COMMA = YES;
				CLANG_WARN_CONSTANT_CONVERSION = YES;
				CLANG_WARN_DEPRECATED_OBJC_IMPLEMENTATIONS = YES;
				CLANG_WARN_DIRECT_OBJC_ISA_USAGE = YES_ERROR;
				CLANG_WARN_DOCUMENTATION_COMMENTS = YES;
				CLANG_WARN_EMPTY_BODY = YES;
				CLANG_WARN_ENUM_CONVERSION = YES;
				CLANG_WARN_INFINITE_RECURSION = YES;
				CLANG_WARN_INT_CONVERSION = YES;
				CLANG_WARN_NON_LITERAL_NULL_CONVERSION = YES;
				CLANG_WARN_OBJC_IMPLICIT_RETAIN_SELF = YES;
				CLANG_WARN_OBJC_LITERAL_CONVERSION = YES;
				CLANG_WARN_OBJC_ROOT_CLASS = YES_ERROR;
				CLANG_WARN_RANGE_LOOP_ANALYSIS = YES;
				CLANG_WARN_STRICT_PROTOTYPES = YES;
				CLANG_WARN_SUSPICIOUS_MOVE = YES;
				CLANG_WARN_UNGUARDED_AVAILABILITY = YES_AGGRESSIVE;
				CLANG_WARN_UNREACHABLE_CODE = YES;
				CLANG_WARN__DUPLICATE_METHOD_MATCH = YES;
				CODE_SIGN_IDENTITY = "iPhone Developer";
				COPY_PHASE_STRIP = NO;
				DEBUG_INFORMATION_FORMAT = dwarf;
				ENABLE_STRICT_OBJC_MSGSEND = YES;
				ENABLE_TESTABILITY = YES;
				GCC_C_LANGUAGE_STANDARD = gnu11;
				GCC_DYNAMIC_NO_PIC = NO;
				GCC_NO_COMMON_BLOCKS = YES;
				GCC_OPTIMIZATION_LEVEL = 0;
				GCC_PREPROCESSOR_DEFINITIONS = (
					"DEBUG=1",
					"$(inherited)",
				);
				GCC_WARN_64_TO_32_BIT_CONVERSION = YES;
				GCC_WARN_ABOUT_RETURN_TYPE = YES_ERROR;
				GCC_WARN_UNDECLARED_SELECTOR = YES;
				GCC_WARN_UNINITIALIZED_AUTOS = YES_AGGRESSIVE;
				GCC_WARN_UNUSED_FUNCTION = YES;
				GCC_WARN_UNUSED_VARIABLE = YES;
				IPHONEOS_DEPLOYMENT_TARGET = 11.3;
				MTL_ENABLE_DEBUG_INFO = YES;
				ONLY_ACTIVE_ARCH = YES;
				SDKROOT = iphoneos;
				SWIFT_ACTIVE_COMPILATION_CONDITIONS = DEBUG;
				SWIFT_OPTIMIZATION_LEVEL = "-Onone";
			};
			name = Debug;
		};
		2E49E93B2074313F00DA5335 /* Release */ = {
			isa = XCBuildConfiguration;
			buildSettings = {
				ALWAYS_SEARCH_USER_PATHS = NO;
				CLANG_ANALYZER_NONNULL = YES;
				CLANG_ANALYZER_NUMBER_OBJECT_CONVERSION = YES_AGGRESSIVE;
				CLANG_CXX_LANGUAGE_STANDARD = "gnu++14";
				CLANG_CXX_LIBRARY = "libc++";
				CLANG_ENABLE_MODULES = YES;
				CLANG_ENABLE_OBJC_ARC = YES;
				CLANG_ENABLE_OBJC_WEAK = YES;
				CLANG_WARN_BLOCK_CAPTURE_AUTORELEASING = YES;
				CLANG_WARN_BOOL_CONVERSION = YES;
				CLANG_WARN_COMMA = YES;
				CLANG_WARN_CONSTANT_CONVERSION = YES;
				CLANG_WARN_DEPRECATED_OBJC_IMPLEMENTATIONS = YES;
				CLANG_WARN_DIRECT_OBJC_ISA_USAGE = YES_ERROR;
				CLANG_WARN_DOCUMENTATION_COMMENTS = YES;
				CLANG_WARN_EMPTY_BODY = YES;
				CLANG_WARN_ENUM_CONVERSION = YES;
				CLANG_WARN_INFINITE_RECURSION = YES;
				CLANG_WARN_INT_CONVERSION = YES;
				CLANG_WARN_NON_LITERAL_NULL_CONVERSION = YES;
				CLANG_WARN_OBJC_IMPLICIT_RETAIN_SELF = YES;
				CLANG_WARN_OBJC_LITERAL_CONVERSION = YES;
				CLANG_WARN_OBJC_ROOT_CLASS = YES_ERROR;
				CLANG_WARN_RANGE_LOOP_ANALYSIS = YES;
				CLANG_WARN_STRICT_PROTOTYPES = YES;
				CLANG_WARN_SUSPICIOUS_MOVE = YES;
				CLANG_WARN_UNGUARDED_AVAILABILITY = YES_AGGRESSIVE;
				CLANG_WARN_UNREACHABLE_CODE = YES;
				CLANG_WARN__DUPLICATE_METHOD_MATCH = YES;
				CODE_SIGN_IDENTITY = "iPhone Developer";
				COPY_PHASE_STRIP = NO;
				DEBUG_INFORMATION_FORMAT = "dwarf-with-dsym";
				ENABLE_NS_ASSERTIONS = NO;
				ENABLE_STRICT_OBJC_MSGSEND = YES;
				GCC_C_LANGUAGE_STANDARD = gnu11;
				GCC_NO_COMMON_BLOCKS = YES;
				GCC_WARN_64_TO_32_BIT_CONVERSION = YES;
				GCC_WARN_ABOUT_RETURN_TYPE = YES_ERROR;
				GCC_WARN_UNDECLARED_SELECTOR = YES;
				GCC_WARN_UNINITIALIZED_AUTOS = YES_AGGRESSIVE;
				GCC_WARN_UNUSED_FUNCTION = YES;
				GCC_WARN_UNUSED_VARIABLE = YES;
				IPHONEOS_DEPLOYMENT_TARGET = 11.3;
				MTL_ENABLE_DEBUG_INFO = NO;
				SDKROOT = iphoneos;
				SWIFT_COMPILATION_MODE = wholemodule;
				SWIFT_OPTIMIZATION_LEVEL = "-O";
				VALIDATE_PRODUCT = YES;
			};
			name = Release;
		};
		2E49E93D2074313F00DA5335 /* Debug */ = {
			isa = XCBuildConfiguration;
			buildSettings = {
				ASSETCATALOG_COMPILER_APPICON_NAME = AppIcon;
				CODE_SIGN_STYLE = Automatic;
				DEVELOPMENT_TEAM = 8DLM47CZ8G;
				INFOPLIST_FILE = CameraRecognition/Info.plist;
				LD_RUNPATH_SEARCH_PATHS = (
					"$(inherited)",
					"@executable_path/Frameworks",
				);
				PRODUCT_BUNDLE_IDENTIFIER = com.Automozo.CameraRecognition;
				PRODUCT_NAME = "$(TARGET_NAME)";
				SWIFT_VERSION = 4.0;
				TARGETED_DEVICE_FAMILY = "1,2";
			};
			name = Debug;
		};
		2E49E93E2074313F00DA5335 /* Release */ = {
			isa = XCBuildConfiguration;
			buildSettings = {
				ASSETCATALOG_COMPILER_APPICON_NAME = AppIcon;
				CODE_SIGN_STYLE = Automatic;
				DEVELOPMENT_TEAM = 8DLM47CZ8G;
				INFOPLIST_FILE = CameraRecognition/Info.plist;
				LD_RUNPATH_SEARCH_PATHS = (
					"$(inherited)",
					"@executable_path/Frameworks",
				);
				PRODUCT_BUNDLE_IDENTIFIER = com.Automozo.CameraRecognition;
				PRODUCT_NAME = "$(TARGET_NAME)";
				SWIFT_VERSION = 4.0;
				TARGETED_DEVICE_FAMILY = "1,2";
			};
			name = Release;
		};
		2E49E9402074313F00DA5335 /* Debug */ = {
			isa = XCBuildConfiguration;
			buildSettings = {
				ALWAYS_EMBED_SWIFT_STANDARD_LIBRARIES = YES;
				BUNDLE_LOADER = "$(TEST_HOST)";
				CODE_SIGN_STYLE = Automatic;
				DEVELOPMENT_TEAM = 8DLM47CZ8G;
				INFOPLIST_FILE = CameraRecognitionTests/Info.plist;
				LD_RUNPATH_SEARCH_PATHS = (
					"$(inherited)",
					"@executable_path/Frameworks",
					"@loader_path/Frameworks",
				);
				PRODUCT_BUNDLE_IDENTIFIER = com.Automozo.CameraRecognitionTests;
				PRODUCT_NAME = "$(TARGET_NAME)";
				SWIFT_VERSION = 4.0;
				TARGETED_DEVICE_FAMILY = "1,2";
				TEST_HOST = "$(BUILT_PRODUCTS_DIR)/CameraRecognition.app/CameraRecognition";
			};
			name = Debug;
		};
		2E49E9412074313F00DA5335 /* Release */ = {
			isa = XCBuildConfiguration;
			buildSettings = {
				ALWAYS_EMBED_SWIFT_STANDARD_LIBRARIES = YES;
				BUNDLE_LOADER = "$(TEST_HOST)";
				CODE_SIGN_STYLE = Automatic;
				DEVELOPMENT_TEAM = 8DLM47CZ8G;
				INFOPLIST_FILE = CameraRecognitionTests/Info.plist;
				LD_RUNPATH_SEARCH_PATHS = (
					"$(inherited)",
					"@executable_path/Frameworks",
					"@loader_path/Frameworks",
				);
				PRODUCT_BUNDLE_IDENTIFIER = com.Automozo.CameraRecognitionTests;
				PRODUCT_NAME = "$(TARGET_NAME)";
				SWIFT_VERSION = 4.0;
				TARGETED_DEVICE_FAMILY = "1,2";
				TEST_HOST = "$(BUILT_PRODUCTS_DIR)/CameraRecognition.app/CameraRecognition";
			};
			name = Release;
		};
/* End XCBuildConfiguration section */

/* Begin XCConfigurationList section */
		2E49E91A2074313E00DA5335 /* Build configuration list for PBXProject "CameraRecognition" */ = {
			isa = XCConfigurationList;
			buildConfigurations = (
				2E49E93A2074313F00DA5335 /* Debug */,
				2E49E93B2074313F00DA5335 /* Release */,
			);
			defaultConfigurationIsVisible = 0;
			defaultConfigurationName = Release;
		};
		2E49E93C2074313F00DA5335 /* Build configuration list for PBXNativeTarget "CameraRecognition" */ = {
			isa = XCConfigurationList;
			buildConfigurations = (
				2E49E93D2074313F00DA5335 /* Debug */,
				2E49E93E2074313F00DA5335 /* Release */,
			);
			defaultConfigurationIsVisible = 0;
			defaultConfigurationName = Release;
		};
		2E49E93F2074313F00DA5335 /* Build configuration list for PBXNativeTarget "CameraRecognitionTests" */ = {
			isa = XCConfigurationList;
			buildConfigurations = (
				2E49E9402074313F00DA5335 /* Debug */,
				2E49E9412074313F00DA5335 /* Release */,
			);
			defaultConfigurationIsVisible = 0;
			defaultConfigurationName = Release;
		};
/* End XCConfigurationList section */
	};
	rootObject = 2E49E9172074313E00DA5335 /* Project object */;
}
